
Microsoft Visual Studio Solution File, Format Version 12.00
# Visual Studio Version 17
VisualStudioVersion = 17.2.32516.85
MinimumVisualStudioVersion = 10.0.40219.1
Project("{FAE04EC0-301F-11D3-BF4B-00C04F79EFBC}") = "WpfApp1", "WpfApp1\WpfApp1.csproj", "{9F5E13F0-5B85-484F-9470-3D91E5123159}"
EndProject
Global
	GlobalSection(SolutionConfigurationPlatforms) = preSolution
		Debug|Any CPU = Debug|Any CPU
		Release|Any CPU = Release|Any CPU
	EndGlobalSection
	GlobalSection(ProjectConfigurationPlatforms) = postSolution
		{9F5E13F0-5B85-484F-9470-3D91E5123159}.Debug|Any CPU.ActiveCfg = Debug|Any CPU
		{9F5E13F0-5B85-484F-9470-3D91E5123159}.Debug|Any CPU.Build.0 = Debug|Any CPU
		{9F5E13F0-5B85-484F-9470-3D91E5123159}.Release|Any CPU.ActiveCfg = Release|Any CPU
		{9F5E13F0-5B85-484F-9470-3D91E5123159}.Release|Any CPU.Build.0 = Release|Any CPU
	EndGlobalSection
	GlobalSection(SolutionProperties) = preSolution
		HideSolutionNode = FALSE
	EndGlobalSection
	GlobalSection(ExtensibilityGlobals) = postSolution
		SolutionGuid = {7C6C4123-BA0D-42CD-9696-B56D58B5436A}
	EndGlobalSection
EndGlobal
